{
  "name": "win",
  "version": "1.0.0",
  "lockfileVersion": 2,
  "requires": true,
  "packages": {
    "": {
      "name": "win",
      "version": "1.0.0",
      "license": "ISC",
      "dependencies": {
        "node-id3": "^0.2.6",
        "node-nde": "^1.1.2"
      }
    },
    "node_modules/iconv-lite": {
      "version": "0.6.2",
      "resolved": "https://registry.npmjs.org/iconv-lite/-/iconv-lite-0.6.2.tgz",
      "integrity": "sha512-2y91h5OpQlolefMPmUlivelittSWy0rP+oYVpn6A7GwVHNE8AWzoYOBNmlwks3LobaJxgHCYZAnyNo2GgpNRNQ==",
      "dependencies": {
        "safer-buffer": ">= 2.1.2 < 3.0.0"
      },
      "engines": {
        "node": ">=0.10.0"
      }
    },
    "node_modules/node-id3": {
      "version": "0.2.6",
      "resolved": "https://registry.npmjs.org/node-id3/-/node-id3-0.2.6.tgz",
      "integrity": "sha512-w8GuKXLlPpDjTxLowCt/uYMhRQzED3cg2GdSG1i6RSGKeDzPvxlXeLQuQInKljahPZ0aDnmyX7FX8BbJOM7REg==",
      "dependencies": {
        "iconv-lite": "0.6.2"
      }
    },
    "node_modules/node-nde": {
      "version": "1.1.2",
      "resolved": "https://registry.npmjs.org/node-nde/-/node-nde-1.1.2.tgz",
      "integrity": "sha512-2WSNh4i+2GuxWAVuB/hRa1VsYejjKgY9uGtM6j2vN0jxtlO+OInnzqBD8wf3QwYo13TuKQ4Qik4+pCCdbZu0EQ==",
      "dependencies": {
        "streambuf": "^1.2.2"
      }
    },
    "node_modules/safer-buffer": {
      "version": "2.1.2",
      "resolved": "https://registry.npmjs.org/safer-buffer/-/safer-buffer-2.1.2.tgz",
      "integrity": "sha512-YZo3K82SD7Riyi0E1EQPojLz7kpepnSQI9IyPbHHg1XXXevb5dJI7tpyN2ADxGcQbHG7vcyRHk0cbwqcQriUtg=="
    },
    "node_modules/streambuf": {
      "version": "1.2.3",
      "resolved": "https://registry.npmjs.org/streambuf/-/streambuf-1.2.3.tgz",
      "integrity": "sha512-RH/20EzCiytv5/mUEXieD2IYh8HKK2xNg/mwcbNRbhjXCUBJTjvEeZMFbkaEtSk8JK61CnXtRHlvdMRywvZE5A=="
    }
  },
  "dependencies": {
    "iconv-lite": {
      "version": "0.6.2",
      "resolved": "https://registry.npmjs.org/iconv-lite/-/iconv-lite-0.6.2.tgz",
      "integrity": "sha512-2y91h5OpQlolefMPmUlivelittSWy0rP+oYVpn6A7GwVHNE8AWzoYOBNmlwks3LobaJxgHCYZAnyNo2GgpNRNQ==",
      "requires": {
        "safer-buffer": ">= 2.1.2 < 3.0.0"
      }
    },
    "node-id3": {
      "version": "0.2.6",
      "resolved": "https://registry.npmjs.org/node-id3/-/node-id3-0.2.6.tgz",
      "integrity": "sha512-w8GuKXLlPpDjTxLowCt/uYMhRQzED3cg2GdSG1i6RSGKeDzPvxlXeLQuQInKljahPZ0aDnmyX7FX8BbJOM7REg==",
      "requires": {
        "iconv-lite": "0.6.2"
      }
    },
    "node-nde": {
      "version": "1.1.2",
      "resolved": "https://registry.npmjs.org/node-nde/-/node-nde-1.1.2.tgz",
      "integrity": "sha512-2WSNh4i+2GuxWAVuB/hRa1VsYejjKgY9uGtM6j2vN0jxtlO+OInnzqBD8wf3QwYo13TuKQ4Qik4+pCCdbZu0EQ==",
      "requires": {
        "streambuf": "^1.2.2"
      }
    },
    "safer-buffer": {
      "version": "2.1.2",
      "resolved": "https://registry.npmjs.org/safer-buffer/-/safer-buffer-2.1.2.tgz",
      "integrity": "sha512-YZo3K82SD7Riyi0E1EQPojLz7kpepnSQI9IyPbHHg1XXXevb5dJI7tpyN2ADxGcQbHG7vcyRHk0cbwqcQriUtg=="
    },
    "streambuf": {
      "version": "1.2.3",
      "resolved": "https://registry.npmjs.org/streambuf/-/streambuf-1.2.3.tgz",
      "integrity": "sha512-RH/20EzCiytv5/mUEXieD2IYh8HKK2xNg/mwcbNRbhjXCUBJTjvEeZMFbkaEtSk8JK61CnXtRHlvdMRywvZE5A=="
    }
  }
}
